{
  "version": 4,
  "terraform_version": "1.8.3",
  "serial": 8,
  "lineage": "c7d181ec-fe34-72f7-7539-dc144846f636",
  "outputs": {
    "kubernetes_cluster_host": {
      "value": "35.237.76.72",
      "type": "string"
    },
    "kubernetes_cluster_name": {
      "value": "helical-element-414906-gke",
      "type": "string"
    },
    "project_id": {
      "value": "helical-element-414906",
      "type": "string"
    },
    "region": {
      "value": "us-east1",
      "type": "string"
    }
  },
  "resources": [
    {
      "mode": "data",
      "type": "google_container_engine_versions",
      "name": "gke_version",
      "provider": "provider[\"registry.terraform.io/hashicorp/google\"]",
      "instances": [
        {
          "schema_version": 0,
          "attributes": {
            "default_cluster_version": "1.28.7-gke.1026000",
            "id": "2024-05-12 13:23:51.902898 +0000 UTC",
            "latest_master_version": "1.28.9-gke.1209000",
            "latest_node_version": "1.28.9-gke.1209000",
            "location": "us-east1",
            "project": null,
            "release_channel_default_version": {
              "RAPID": "1.29.3-gke.1282001",
              "REGULAR": "1.28.7-gke.1026000",
              "STABLE": "1.27.11-gke.1062001"
            },
            "release_channel_latest_version": {
              "RAPID": "1.28.9-gke.1209000",
              "REGULAR": "1.28.8-gke.1095000",
              "STABLE": "1.28.7-gke.1026001"
            },
            "valid_master_versions": [
              "1.28.9-gke.1209000",
              "1.28.9-gke.1000000",
              "1.28.8-gke.1095000",
              "1.28.7-gke.1026001",
              "1.28.7-gke.1026000"
            ],
            "valid_node_versions": [
              "1.28.9-gke.1209000",
              "1.28.9-gke.1069000",
              "1.28.9-gke.1000000",
              "1.28.8-gke.1175000",
              "1.28.8-gke.1095000",
              "1.28.7-gke.1226000",
              "1.28.7-gke.1100000",
              "1.28.7-gke.1026001",
              "1.28.7-gke.1026000",
              "1.28.6-gke.1456000",
              "1.28.6-gke.1369000",
              "1.28.6-gke.1289000",
              "1.28.6-gke.1095000",
              "1.28.5-gke.1217000",
              "1.28.4-gke.1083000",
              "1.28.3-gke.1286000",
              "1.28.3-gke.1203001",
              "1.28.3-gke.1203000",
              "1.28.3-gke.1118000",
              "1.28.3-gke.1098000",
              "1.28.3-gke.1090000",
              "1.28.2-gke.1157000"
            ],
            "version_prefix": "1.28."
          },
          "sensitive_attributes": []
        }
      ]
    },
    {
      "mode": "managed",
      "type": "google_compute_network",
      "name": "vpc",
      "provider": "provider[\"registry.terraform.io/hashicorp/google\"]",
      "instances": [
        {
          "schema_version": 0,
          "attributes": {
            "auto_create_subnetworks": false,
            "delete_default_routes_on_create": false,
            "description": "",
            "enable_ula_internal_ipv6": false,
            "gateway_ipv4": "",
            "id": "projects/helical-element-414906/global/networks/helical-element-414906-vpc",
            "internal_ipv6_range": "",
            "mtu": 0,
            "name": "helical-element-414906-vpc",
            "network_firewall_policy_enforcement_order": "AFTER_CLASSIC_FIREWALL",
            "numeric_id": "3858012049555422718",
            "project": "helical-element-414906",
            "routing_mode": "REGIONAL",
            "self_link": "https://www.googleapis.com/compute/v1/projects/helical-element-414906/global/networks/helical-element-414906-vpc",
            "timeouts": null
          },
          "sensitive_attributes": [],
          "private": "eyJlMmJmYjczMC1lY2FhLTExZTYtOGY4OC0zNDM2M2JjN2M0YzAiOnsiY3JlYXRlIjoxMjAwMDAwMDAwMDAwLCJkZWxldGUiOjEyMDAwMDAwMDAwMDAsInVwZGF0ZSI6MTIwMDAwMDAwMDAwMH19"
        }
      ]
    },
    {
      "mode": "managed",
      "type": "google_compute_subnetwork",
      "name": "subnet",
      "provider": "provider[\"registry.terraform.io/hashicorp/google\"]",
      "instances": [
        {
          "schema_version": 0,
          "attributes": {
            "creation_timestamp": "2024-05-12T06:24:56.316-07:00",
            "description": "",
            "external_ipv6_prefix": "",
            "fingerprint": null,
            "gateway_address": "10.10.0.1",
            "id": "projects/helical-element-414906/regions/us-east1/subnetworks/helical-element-414906-subnet",
            "internal_ipv6_prefix": "",
            "ip_cidr_range": "10.10.0.0/24",
            "ipv6_access_type": "",
            "ipv6_cidr_range": "",
            "log_config": [],
            "name": "helical-element-414906-subnet",
            "network": "https://www.googleapis.com/compute/v1/projects/helical-element-414906/global/networks/helical-element-414906-vpc",
            "private_ip_google_access": false,
            "private_ipv6_google_access": "DISABLE_GOOGLE_ACCESS",
            "project": "helical-element-414906",
            "purpose": "PRIVATE",
            "region": "us-east1",
            "role": "",
            "secondary_ip_range": [],
            "self_link": "https://www.googleapis.com/compute/v1/projects/helical-element-414906/regions/us-east1/subnetworks/helical-element-414906-subnet",
            "stack_type": "IPV4_ONLY",
            "timeouts": null
          },
          "sensitive_attributes": [],
          "private": "eyJlMmJmYjczMC1lY2FhLTExZTYtOGY4OC0zNDM2M2JjN2M0YzAiOnsiY3JlYXRlIjoxMjAwMDAwMDAwMDAwLCJkZWxldGUiOjEyMDAwMDAwMDAwMDAsInVwZGF0ZSI6MTIwMDAwMDAwMDAwMH19",
          "dependencies": [
            "google_compute_network.vpc"
          ]
        }
      ]
    },
    {
      "mode": "managed",
      "type": "google_container_cluster",
      "name": "primary",
      "provider": "provider[\"registry.terraform.io/hashicorp/google\"]",
      "instances": [
        {
          "schema_version": 2,
          "attributes": {
            "addons_config": [
              {
                "cloudrun_config": [],
                "config_connector_config": [],
                "dns_cache_config": [],
                "gce_persistent_disk_csi_driver_config": [
                  {
                    "enabled": true
                  }
                ],
                "gcp_filestore_csi_driver_config": [],
                "gcs_fuse_csi_driver_config": [],
                "gke_backup_agent_config": [],
                "horizontal_pod_autoscaling": [],
                "http_load_balancing": [],
                "network_policy_config": [
                  {
                    "disabled": true
                  }
                ],
                "stateful_ha_config": []
              }
            ],
            "allow_net_admin": null,
            "authenticator_groups_config": [],
            "binary_authorization": [
              {
                "enabled": false,
                "evaluation_mode": ""
              }
            ],
            "cluster_autoscaling": [
              {
                "auto_provisioning_defaults": [],
                "autoscaling_profile": "BALANCED",
                "enabled": false,
                "resource_limits": []
              }
            ],
            "cluster_ipv4_cidr": "10.220.0.0/14",
            "confidential_nodes": [],
            "cost_management_config": [],
            "database_encryption": [
              {
                "key_name": "",
                "state": "DECRYPTED"
              }
            ],
            "datapath_provider": "",
            "default_max_pods_per_node": 110,
            "default_snat_status": [
              {
                "disabled": false
              }
            ],
            "deletion_protection": true,
            "description": "",
            "dns_config": [],
            "enable_autopilot": false,
            "enable_cilium_clusterwide_network_policy": false,
            "enable_intranode_visibility": false,
            "enable_k8s_beta_apis": [],
            "enable_kubernetes_alpha": false,
            "enable_l4_ilb_subsetting": false,
            "enable_legacy_abac": false,
            "enable_shielded_nodes": true,
            "enable_tpu": false,
            "endpoint": "35.237.76.72",
            "fleet": [],
            "gateway_api_config": [],
            "id": "projects/helical-element-414906/locations/us-east1/clusters/helical-element-414906-gke",
            "identity_service_config": [],
            "initial_node_count": 1,
            "ip_allocation_policy": [
              {
                "additional_pod_ranges_config": [],
                "cluster_ipv4_cidr_block": "10.220.0.0/14",
                "cluster_secondary_range_name": "gke-helical-element-414906-gke-pods-e1e18f77",
                "pod_cidr_overprovision_config": [
                  {
                    "disabled": false
                  }
                ],
                "services_ipv4_cidr_block": "10.1.128.0/20",
                "services_secondary_range_name": "gke-helical-element-414906-gke-services-e1e18f77",
                "stack_type": "IPV4"
              }
            ],
            "label_fingerprint": "a9dc16a7",
            "location": "us-east1",
            "logging_config": [
              {
                "enable_components": [
                  "SYSTEM_COMPONENTS",
                  "WORKLOADS"
                ]
              }
            ],
            "logging_service": "logging.googleapis.com/kubernetes",
            "maintenance_policy": [],
            "master_auth": [
              {
                "client_certificate": "",
                "client_certificate_config": [
                  {
                    "issue_client_certificate": false
                  }
                ],
                "client_key": "",
                "cluster_ca_certificate": "LS0tLS1CRUdJTiBDRVJUSUZJQ0FURS0tLS0tCk1JSUVMRENDQXBTZ0F3SUJBZ0lRRzh3bmJiczJXcS9PVHBKLzZjc3dBVEFOQmdrcWhraUc5dzBCQVFzRkFEQXYKTVMwd0t3WURWUVFERXlRelpEQmxNelZrTWkwMk9HRm1MVFJtTTJNdE9USXdaaTB5TVRSa1pHTXdZems0TmpjdwpJQmNOTWpRd05URXlNVEl5TlRFd1doZ1BNakExTkRBMU1EVXhNekkxTVRCYU1DOHhMVEFyQmdOVkJBTVRKRE5rCk1HVXpOV1F5TFRZNFlXWXROR1l6WXkwNU1qQm1MVEl4TkdSa1l6QmpPVGcyTnpDQ0FhSXdEUVlKS29aSWh2Y04KQVFFQkJRQURnZ0dQQURDQ0FZb0NnZ0dCQU5RODVhTCtwcnRqcTZLY2EyV0tMMnB6UzNUM2ZGRlpkTWZuR0dycwpyOUY2SFFncDU3TmVCZ2o1UGlWUHhGS2lrajJhN0NlemNyMnVhVkhIMjBJd3ZORGE5TU00cGQvODdEOWxKZzRVCm8yZzBpQUdIQTViVnlKT3RhN3lNWVkwUDRkcC9uNTAvQ1JtbE5VS2I1VDZhK2g5SGYzYUk0Q3Mrb2ovZCtNZzAKK29GRmsvZWhpR3VPWmppOGxkRkJvUkhidGk2SjZlSy80WUdOUjAvSWo4ZTFLNktlS3pGanlmaVd3aFFJVTkvRAo0L3BCWXljdVpndm9zT1FJQnBEbWhkMWJlcWUwdEQ4U0tFMXY0TWlqbHZZODB3UlZyQWRPbHp3SUFtZXl1d0ZyCjlCVWVZSkFtWEN4eDhmdk9FbnQwWUdjRGI1THdXRlExdys1dDF6MlVwRmh1azI3VmVxVmVRUzBpc2dYNnl0YzgKcWhtZEFBaFRYczlhKzc4cVdHNG5ub1RiT3RQWHhWcmhueTIwMXh6eUFrQWZoTyswcFVmL1d5aGJ3MkVQeU9TNwo4T2hsQ3R3a0JvcGQ5b3RaaW9pb1RNUEFHV0N4NERPTzFqNVBpZ0k0VE85NW5oOVVoVVhxQ0xYdXhWQklJOHJMCisvL0YwNnJLSEZtUkFLK0o3bDdTWEpwZWR3SURBUUFCbzBJd1FEQU9CZ05WSFE4QkFmOEVCQU1DQWdRd0R3WUQKVlIwVEFRSC9CQVV3QXdFQi96QWRCZ05WSFE0RUZnUVU5OGV3Qkw3a09kWFNEcVkvRDRPb0EwWm5HVFV3RFFZSgpLb1pJaHZjTkFRRUxCUUFEZ2dHQkFOTVBTdy9GS1owdXhwb2lPdW5oVXVrQjRVWmhvWSsxamFNOUxCMjRJeFliClBDVEpGZjJLN3hucjFPZFcyMmRDNWw2UjhRdVhUNFkwVEs0WjNSb3BQRzlSVXdhYlBpSGY3NEg4NlB4cm9UVzMKbUs5Y1FDWG9aeVd5WG9mZmdOWWN6Q1dqM1d2eXkySVBTMFBYeGtOTjd4dE53RGRnTVdIRURnU0RHeDhOUlNjNgpJRTV3cXp3aHJHbDl2KytEKzYyV1ZYNWZRL3pmcFZPNVBRR2JrbU9qWS8vaFlrcjl0R011dXM5dXd3bEpKK29SCjVDQWFGdkpYcjR2UEY5Yzd2S0p0SlY4TnM4NGZJeEQxVkp2VUltd1RXQXlQZjNKNDQydTcyYjEyY0pmOWJkWnQKaS9PZmx0elA2THJTRlkwdkxuT0dQRjFNZFhJOS8vRi9RbUFiMjAvM3BjblpreDZoRTczWHJYZGFUOFg5NkhHSQpRSGZiMjN2K051THBHcUFNWVhVTWloWFQ1b1hpVW1PSjI5OHYvUmRKcWQzMktibzVwN1NvUzFYSWtiazZ0OEpOCldvQXdIWEZjVHUxRUlhVXhXY2V2amkzTXBST0ZJMENCaVdndWM3NnVpRnhaYk1vTStUbFA3QkVhc0VxNEloTDYKM24yVnpLNlJHM0dNY2dqVkgwSWlVZz09Ci0tLS0tRU5EIENFUlRJRklDQVRFLS0tLS0K"
              }
            ],
            "master_authorized_networks_config": [],
            "master_version": "1.28.7-gke.1026000",
            "mesh_certificates": [],
            "min_master_version": null,
            "monitoring_config": [
              {
                "advanced_datapath_observability_config": [
                  {
                    "enable_metrics": false,
                    "enable_relay": false,
                    "relay_mode": "DISABLED"
                  }
                ],
                "enable_components": [
                  "SYSTEM_COMPONENTS"
                ],
                "managed_prometheus": [
                  {
                    "enabled": true
                  }
                ]
              }
            ],
            "monitoring_service": "monitoring.googleapis.com/kubernetes",
            "name": "helical-element-414906-gke",
            "network": "projects/helical-element-414906/global/networks/helical-element-414906-vpc",
            "network_policy": [
              {
                "enabled": false,
                "provider": "PROVIDER_UNSPECIFIED"
              }
            ],
            "networking_mode": "VPC_NATIVE",
            "node_config": [],
            "node_locations": [
              "us-east1-b",
              "us-east1-c",
              "us-east1-d"
            ],
            "node_pool": [],
            "node_pool_auto_config": [],
            "node_pool_defaults": [
              {
                "node_config_defaults": [
                  {
                    "logging_variant": "DEFAULT"
                  }
                ]
              }
            ],
            "node_version": "1.28.7-gke.1026000",
            "notification_config": [
              {
                "pubsub": [
                  {
                    "enabled": false,
                    "filter": [],
                    "topic": ""
                  }
                ]
              }
            ],
            "operation": null,
            "private_cluster_config": [
              {
                "enable_private_endpoint": false,
                "enable_private_nodes": false,
                "master_global_access_config": [
                  {
                    "enabled": false
                  }
                ],
                "master_ipv4_cidr_block": "",
                "peering_name": "",
                "private_endpoint": "10.10.0.2",
                "private_endpoint_subnetwork": "",
                "public_endpoint": "35.237.76.72"
              }
            ],
            "private_ipv6_google_access": "",
            "project": "helical-element-414906",
            "release_channel": [
              {
                "channel": "REGULAR"
              }
            ],
            "remove_default_node_pool": true,
            "resource_labels": null,
            "resource_usage_export_config": [],
            "security_posture_config": [
              {
                "mode": "BASIC",
                "vulnerability_mode": "VULNERABILITY_MODE_UNSPECIFIED"
              }
            ],
            "self_link": "https://container.googleapis.com/v1/projects/helical-element-414906/locations/us-east1/clusters/helical-element-414906-gke",
            "service_external_ips_config": [
              {
                "enabled": false
              }
            ],
            "services_ipv4_cidr": "10.1.128.0/20",
            "subnetwork": "projects/helical-element-414906/regions/us-east1/subnetworks/helical-element-414906-subnet",
            "timeouts": null,
            "tpu_ipv4_cidr_block": "",
            "vertical_pod_autoscaling": [],
            "workload_identity_config": []
          },
          "sensitive_attributes": [
            [
              {
                "type": "get_attr",
                "value": "master_auth"
              },
              {
                "type": "index",
                "value": {
                  "value": 0,
                  "type": "number"
                }
              },
              {
                "type": "get_attr",
                "value": "client_key"
              }
            ]
          ],
          "private": "eyJlMmJmYjczMC1lY2FhLTExZTYtOGY4OC0zNDM2M2JjN2M0YzAiOnsiY3JlYXRlIjoyNDAwMDAwMDAwMDAwLCJkZWxldGUiOjI0MDAwMDAwMDAwMDAsInJlYWQiOjI0MDAwMDAwMDAwMDAsInVwZGF0ZSI6MzYwMDAwMDAwMDAwMH0sInNjaGVtYV92ZXJzaW9uIjoiMiJ9",
          "dependencies": [
            "google_compute_network.vpc",
            "google_compute_subnetwork.subnet"
          ]
        }
      ]
    },
    {
      "mode": "managed",
      "type": "google_container_node_pool",
      "name": "primary_nodes",
      "provider": "provider[\"registry.terraform.io/hashicorp/google\"]",
      "instances": [
        {
          "schema_version": 1,
          "attributes": {
            "autoscaling": [],
            "cluster": "helical-element-414906-gke",
            "id": "projects/helical-element-414906/locations/us-east1/clusters/helical-element-414906-gke/nodePools/helical-element-414906-gke",
            "initial_node_count": 1,
            "instance_group_urls": [
              "https://www.googleapis.com/compute/v1/projects/helical-element-414906/zones/us-east1-d/instanceGroupManagers/gke-helical-element--helical-element--3ccb0e6d-grp",
              "https://www.googleapis.com/compute/v1/projects/helical-element-414906/zones/us-east1-b/instanceGroupManagers/gke-helical-element--helical-element--28e1286f-grp",
              "https://www.googleapis.com/compute/v1/projects/helical-element-414906/zones/us-east1-c/instanceGroupManagers/gke-helical-element--helical-element--caf21bb3-grp"
            ],
            "location": "us-east1",
            "managed_instance_group_urls": [
              "https://www.googleapis.com/compute/v1/projects/helical-element-414906/zones/us-east1-d/instanceGroups/gke-helical-element--helical-element--3ccb0e6d-grp",
              "https://www.googleapis.com/compute/v1/projects/helical-element-414906/zones/us-east1-b/instanceGroups/gke-helical-element--helical-element--28e1286f-grp",
              "https://www.googleapis.com/compute/v1/projects/helical-element-414906/zones/us-east1-c/instanceGroups/gke-helical-element--helical-element--caf21bb3-grp"
            ],
            "management": [
              {
                "auto_repair": true,
                "auto_upgrade": true
              }
            ],
            "max_pods_per_node": 110,
            "name": "helical-element-414906-gke",
            "name_prefix": "",
            "network_config": [
              {
                "create_pod_range": false,
                "enable_private_nodes": false,
                "network_performance_config": [],
                "pod_cidr_overprovision_config": [],
                "pod_ipv4_cidr_block": "10.220.0.0/14",
                "pod_range": "gke-helical-element-414906-gke-pods-e1e18f77"
              }
            ],
            "node_config": [
              {
                "advanced_machine_features": [],
                "boot_disk_kms_key": "",
                "confidential_nodes": [],
                "disk_size_gb": 50,
                "disk_type": "pd-ssd",
                "effective_taints": [],
                "enable_confidential_storage": false,
                "ephemeral_storage_local_ssd_config": [],
                "fast_socket": [],
                "gcfs_config": [],
                "guest_accelerator": [],
                "gvnic": [],
                "host_maintenance_policy": [],
                "image_type": "COS_CONTAINERD",
                "kubelet_config": [],
                "labels": {
                  "env": "helical-element-414906"
                },
                "linux_node_config": [],
                "local_nvme_ssd_block_config": [],
                "local_ssd_count": 0,
                "logging_variant": "DEFAULT",
                "machine_type": "n1-standard-1",
                "metadata": {
                  "disable-legacy-endpoints": "true"
                },
                "min_cpu_platform": "",
                "node_group": "",
                "oauth_scopes": [
                  "https://www.googleapis.com/auth/logging.write",
                  "https://www.googleapis.com/auth/monitoring"
                ],
                "preemptible": false,
                "reservation_affinity": [],
                "resource_labels": null,
                "resource_manager_tags": null,
                "secondary_boot_disks": [],
                "service_account": "default",
                "shielded_instance_config": [
                  {
                    "enable_integrity_monitoring": true,
                    "enable_secure_boot": false
                  }
                ],
                "sole_tenant_config": [],
                "spot": false,
                "tags": [
                  "gke-node",
                  "helical-element-414906-gke"
                ],
                "taint": [],
                "workload_metadata_config": []
              }
            ],
            "node_count": 1,
            "node_locations": [
              "us-east1-b",
              "us-east1-c",
              "us-east1-d"
            ],
            "operation": null,
            "placement_policy": [],
            "project": "helical-element-414906",
            "queued_provisioning": [],
            "timeouts": null,
            "upgrade_settings": [
              {
                "blue_green_settings": [],
                "max_surge": 1,
                "max_unavailable": 0,
                "strategy": "SURGE"
              }
            ],
            "version": "1.28.7-gke.1026001"
          },
          "sensitive_attributes": [],
          "private": "eyJlMmJmYjczMC1lY2FhLTExZTYtOGY4OC0zNDM2M2JjN2M0YzAiOnsiY3JlYXRlIjoxODAwMDAwMDAwMDAwLCJkZWxldGUiOjE4MDAwMDAwMDAwMDAsInVwZGF0ZSI6MTgwMDAwMDAwMDAwMH0sInNjaGVtYV92ZXJzaW9uIjoiMSJ9",
          "dependencies": [
            "data.google_container_engine_versions.gke_version",
            "google_compute_network.vpc",
            "google_compute_subnetwork.subnet",
            "google_container_cluster.primary"
          ]
        }
      ]
    }
  ],
  "check_results": null
}
